# This file is automatically @generated by Cargo.
# It is not intended for manual editing.
version = 3

[[package]]
name = "allocator-api2"
version = "0.2.18"
source = "registry+https://github.com/rust-lang/crates.io-index"
checksum = "5c6cb57a04249c6480766f7f7cef5467412af1490f8d1e243141daddada3264f"

[[package]]
name = "allocator-api2-tests"
version = "0.2.15"
source = "registry+https://github.com/rust-lang/crates.io-index"
checksum = "3f3efb93c1e2a22a828c2b16f7276bb7ae198bbf60c78d297a6f3b373f7d22e6"
dependencies = [
 "allocator-api2",
]

[[package]]
name = "header_buffer"
version = "0.1.0"
dependencies = [
 "allocator-api2",
 "allocator-api2-tests",
]
